
Microsoft Visual Studio Solution File, Format Version 12.00
# Visual Studio 15
VisualStudioVersion = 15.0.27130.2027
MinimumVisualStudioVersion = 10.0.40219.1
Project("{FAE04EC0-301F-11D3-BF4B-00C04F79EFBC}") = "MyJsonWebTokenApp", "MyJsonWebTokenApp\MyJsonWebTokenApp.csproj", "{2E6968C8-3969-4C60-91CA-E2B993F9EA53}"
EndProject
Global
	GlobalSection(SolutionConfigurationPlatforms) = preSolution
		Debug|Any CPU = Debug|Any CPU
		Release|Any CPU = Release|Any CPU
	EndGlobalSection
	GlobalSection(ProjectConfigurationPlatforms) = postSolution
		{2E6968C8-3969-4C60-91CA-E2B993F9EA53}.Debug|Any CPU.ActiveCfg = Debug|Any CPU
		{2E6968C8-3969-4C60-91CA-E2B993F9EA53}.Debug|Any CPU.Build.0 = Debug|Any CPU
		{2E6968C8-3969-4C60-91CA-E2B993F9EA53}.Release|Any CPU.ActiveCfg = Release|Any CPU
		{2E6968C8-3969-4C60-91CA-E2B993F9EA53}.Release|Any CPU.Build.0 = Release|Any CPU
	EndGlobalSection
	GlobalSection(SolutionProperties) = preSolution
		HideSolutionNode = FALSE
	EndGlobalSection
	GlobalSection(ExtensibilityGlobals) = postSolution
		SolutionGuid = {C5A10AE1-387E-4B07-B26C-83B7637ECF46}
	EndGlobalSection
EndGlobal
